
Microsoft Visual Studio Solution File, Format Version 12.00
# Visual Studio 15
VisualStudioVersion = 15.0.28010.2041
MinimumVisualStudioVersion = 10.0.40219.1
Project("{FAE04EC0-301F-11D3-BF4B-00C04F79EFBC}") = "EmployeeWageProblem", "EmployeeWageProblem\EmployeeWageProblem.csproj", "{AA9BADA4-7189-4A59-AC52-7A29341CFD62}"
EndProject
Project("{FAE04EC0-301F-11D3-BF4B-00C04F79EFBC}") = "CalculateDailyWage", "CalculateDailyWage\CalculateDailyWage.csproj", "{8C01378E-1C2F-466E-8368-F6C2C76B907E}"
EndProject
Global
	GlobalSection(SolutionConfigurationPlatforms) = preSolution
		Debug|Any CPU = Debug|Any CPU
		Release|Any CPU = Release|Any CPU
	EndGlobalSection
	GlobalSection(ProjectConfigurationPlatforms) = postSolution
		{AA9BADA4-7189-4A59-AC52-7A29341CFD62}.Debug|Any CPU.ActiveCfg = Debug|Any CPU
		{AA9BADA4-7189-4A59-AC52-7A29341CFD62}.Debug|Any CPU.Build.0 = Debug|Any CPU
		{AA9BADA4-7189-4A59-AC52-7A29341CFD62}.Release|Any CPU.ActiveCfg = Release|Any CPU
		{AA9BADA4-7189-4A59-AC52-7A29341CFD62}.Release|Any CPU.Build.0 = Release|Any CPU
		{8C01378E-1C2F-466E-8368-F6C2C76B907E}.Debug|Any CPU.ActiveCfg = Debug|Any CPU
		{8C01378E-1C2F-466E-8368-F6C2C76B907E}.Debug|Any CPU.Build.0 = Debug|Any CPU
		{8C01378E-1C2F-466E-8368-F6C2C76B907E}.Release|Any CPU.ActiveCfg = Release|Any CPU
		{8C01378E-1C2F-466E-8368-F6C2C76B907E}.Release|Any CPU.Build.0 = Release|Any CPU
	EndGlobalSection
	GlobalSection(SolutionProperties) = preSolution
		HideSolutionNode = FALSE
	EndGlobalSection
	GlobalSection(ExtensibilityGlobals) = postSolution
		SolutionGuid = {255FBB02-571E-45E5-8803-B1ECD14EA5C2}
	EndGlobalSection
EndGlobal
